# This file is autogenerated, do not edit; changes may be undone by the next 'dep ensure'.


[[projects]]
  name = "github.com/cenkalti/backoff"
  packages = ["."]
  revision = "62661b46c4093e2c1f38d943e663db1a29873e80"
  version = "v2.1.0"

[[projects]]
  branch = "master"
  name = "github.com/jdxcode/netrc"
  packages = ["."]
  revision = "e1a19c977509b96a5c76996dec63ab5aac67c38c"

[[projects]]
  branch = "master"
  name = "github.com/justjanne/powerline-go"
  packages = ["powerline"]
  revision = "2d5de52e49b815352529fee391de2cb76e85f8cf"
  source = "github.com/tjamet/powerline-go"

[[projects]]
  name = "github.com/mattn/go-runewidth"
  packages = ["."]
  revision = "ce7b0b5c7b45a81508558cd1dba6bb1e4ddb51bb"
  version = "v0.0.3"

[[projects]]
  name = "github.com/zorkian/go-datadog-api"
  packages = ["."]
  revision = "f3f6d2f4859047aae0cac1ce3d16689608480fd9"
  version = "v2.18.0"

[solve-meta]
  analyzer-name = "dep"
  analyzer-version = 1
  inputs-digest = "c1587675ad2609bf3acc8d9d21b41cd35f0c91a9ccac02996a82efbada8c9e57"
  solver-name = "gps-cdcl"
  solver-version = 1
